
Microsoft Visual Studio Solution File, Format Version 12.00
# Visual Studio 2017
Project("{FAE04EC0-301F-11D3-BF4B-00C04F79EFBC}") = "TUIProject", "TUIProject.csproj", "{052409DA-05D4-7E45-A95A-3759DB72891D}"
EndProject
Global
	GlobalSection(SolutionConfigurationPlatforms) = preSolution
		Debug|Any CPU = Debug|Any CPU
		Release|Any CPU = Release|Any CPU
	EndGlobalSection
	GlobalSection(ProjectConfigurationPlatforms) = postSolution
		{052409DA-05D4-7E45-A95A-3759DB72891D}.Debug|Any CPU.ActiveCfg = Debug|Any CPU
		{052409DA-05D4-7E45-A95A-3759DB72891D}.Debug|Any CPU.Build.0 = Debug|Any CPU
		{052409DA-05D4-7E45-A95A-3759DB72891D}.Release|Any CPU.ActiveCfg = Release|Any CPU
		{052409DA-05D4-7E45-A95A-3759DB72891D}.Release|Any CPU.Build.0 = Release|Any CPU
	EndGlobalSection
	GlobalSection(SolutionProperties) = preSolution
		HideSolutionNode = FALSE
	EndGlobalSection
EndGlobal
